
Microsoft Visual Studio Solution File, Format Version 12.00
# Visual Studio Version 17
VisualStudioVersion = 17.0.31919.166
MinimumVisualStudioVersion = 10.0.40219.1
Project("{9A19103F-16F7-4668-BE54-9A1E7A4F7556}") = "MathsFormulas", "MathsFormulas\MathsFormulas.csproj", "{DE52EC8C-64A5-4656-8F51-695C571E3304}"
EndProject
Project("{9A19103F-16F7-4668-BE54-9A1E7A4F7556}") = "Trig", "Trig\Trig.csproj", "{07B61F0B-8128-4DDB-9E23-CBB52EAAA26F}"
EndProject
Project("{9A19103F-16F7-4668-BE54-9A1E7A4F7556}") = "MathLibrary", "MathLibrary\MathLibrary.csproj", "{BFD5C746-6820-402D-A468-F7882DFC4A40}"
EndProject
Project("{9A19103F-16F7-4668-BE54-9A1E7A4F7556}") = "Vectors", "Vectors\Vectors.csproj", "{B9D8151C-7306-403F-95BD-B16FA2ABAAF3}"
EndProject
Project("{9A19103F-16F7-4668-BE54-9A1E7A4F7556}") = "MathLibraryTests", "MathLibraryTests\MathLibraryTests.csproj", "{47082960-F8A6-4E06-A48F-87220F00DF37}"
EndProject
Project("{9A19103F-16F7-4668-BE54-9A1E7A4F7556}") = "Matrix", "Matrix\Matrix.csproj", "{9FBB5AD6-03AB-4BF3-825D-01AE11B71113}"
	ProjectSection(ProjectDependencies) = postProject
		{BFD5C746-6820-402D-A468-F7882DFC4A40} = {BFD5C746-6820-402D-A468-F7882DFC4A40}
	EndProjectSection
EndProject
Project("{FAE04EC0-301F-11D3-BF4B-00C04F79EFBC}") = "GraphicalTestApplication", "GraphicalTestApplication\GraphicalTestApplication.csproj", "{0A3298E4-7DE0-4F62-A2B8-7BE9BAD79FC6}"
	ProjectSection(ProjectDependencies) = postProject
		{BFD5C746-6820-402D-A468-F7882DFC4A40} = {BFD5C746-6820-402D-A468-F7882DFC4A40}
	EndProjectSection
EndProject
Global
	GlobalSection(SolutionConfigurationPlatforms) = preSolution
		Debug|Any CPU = Debug|Any CPU
		Release|Any CPU = Release|Any CPU
	EndGlobalSection
	GlobalSection(ProjectConfigurationPlatforms) = postSolution
		{DE52EC8C-64A5-4656-8F51-695C571E3304}.Debug|Any CPU.ActiveCfg = Debug|Any CPU
		{DE52EC8C-64A5-4656-8F51-695C571E3304}.Debug|Any CPU.Build.0 = Debug|Any CPU
		{DE52EC8C-64A5-4656-8F51-695C571E3304}.Release|Any CPU.ActiveCfg = Release|Any CPU
		{DE52EC8C-64A5-4656-8F51-695C571E3304}.Release|Any CPU.Build.0 = Release|Any CPU
		{07B61F0B-8128-4DDB-9E23-CBB52EAAA26F}.Debug|Any CPU.ActiveCfg = Debug|Any CPU
		{07B61F0B-8128-4DDB-9E23-CBB52EAAA26F}.Debug|Any CPU.Build.0 = Debug|Any CPU
		{07B61F0B-8128-4DDB-9E23-CBB52EAAA26F}.Release|Any CPU.ActiveCfg = Release|Any CPU
		{07B61F0B-8128-4DDB-9E23-CBB52EAAA26F}.Release|Any CPU.Build.0 = Release|Any CPU
		{BFD5C746-6820-402D-A468-F7882DFC4A40}.Debug|Any CPU.ActiveCfg = Debug|Any CPU
		{BFD5C746-6820-402D-A468-F7882DFC4A40}.Debug|Any CPU.Build.0 = Debug|Any CPU
		{BFD5C746-6820-402D-A468-F7882DFC4A40}.Release|Any CPU.ActiveCfg = Release|Any CPU
		{BFD5C746-6820-402D-A468-F7882DFC4A40}.Release|Any CPU.Build.0 = Release|Any CPU
		{B9D8151C-7306-403F-95BD-B16FA2ABAAF3}.Debug|Any CPU.ActiveCfg = Debug|Any CPU
		{B9D8151C-7306-403F-95BD-B16FA2ABAAF3}.Debug|Any CPU.Build.0 = Debug|Any CPU
		{B9D8151C-7306-403F-95BD-B16FA2ABAAF3}.Release|Any CPU.ActiveCfg = Release|Any CPU
		{B9D8151C-7306-403F-95BD-B16FA2ABAAF3}.Release|Any CPU.Build.0 = Release|Any CPU
		{47082960-F8A6-4E06-A48F-87220F00DF37}.Debug|Any CPU.ActiveCfg = Debug|Any CPU
		{47082960-F8A6-4E06-A48F-87220F00DF37}.Debug|Any CPU.Build.0 = Debug|Any CPU
		{47082960-F8A6-4E06-A48F-87220F00DF37}.Release|Any CPU.ActiveCfg = Release|Any CPU
		{47082960-F8A6-4E06-A48F-87220F00DF37}.Release|Any CPU.Build.0 = Release|Any CPU
		{9FBB5AD6-03AB-4BF3-825D-01AE11B71113}.Debug|Any CPU.ActiveCfg = Debug|Any CPU
		{9FBB5AD6-03AB-4BF3-825D-01AE11B71113}.Debug|Any CPU.Build.0 = Debug|Any CPU
		{9FBB5AD6-03AB-4BF3-825D-01AE11B71113}.Release|Any CPU.ActiveCfg = Release|Any CPU
		{9FBB5AD6-03AB-4BF3-825D-01AE11B71113}.Release|Any CPU.Build.0 = Release|Any CPU
		{0A3298E4-7DE0-4F62-A2B8-7BE9BAD79FC6}.Debug|Any CPU.ActiveCfg = Debug|Any CPU
		{0A3298E4-7DE0-4F62-A2B8-7BE9BAD79FC6}.Debug|Any CPU.Build.0 = Debug|Any CPU
		{0A3298E4-7DE0-4F62-A2B8-7BE9BAD79FC6}.Release|Any CPU.ActiveCfg = Release|Any CPU
		{0A3298E4-7DE0-4F62-A2B8-7BE9BAD79FC6}.Release|Any CPU.Build.0 = Release|Any CPU
	EndGlobalSection
	GlobalSection(SolutionProperties) = preSolution
		HideSolutionNode = FALSE
	EndGlobalSection
	GlobalSection(ExtensibilityGlobals) = postSolution
		SolutionGuid = {840C5905-5C69-4B9C-B590-4037A1288086}
	EndGlobalSection
EndGlobal
